{
    "version": 3,
    "terraform_version": "0.11.11",
    "serial": 24,
    "lineage": "532090b7-c0d1-90dc-cabc-71c48df48c9a",
    "modules": [
        {
            "path": [
                "root"
            ],
            "outputs": {},
            "resources": {
                "google_compute_network.mgmt": {
                    "type": "google_compute_network",
                    "depends_on": [],
                    "primary": {
                        "id": "dev-mgmt-network",
                        "attributes": {
                            "auto_create_subnetworks": "false",
                            "description": "",
                            "gateway_ipv4": "",
                            "id": "dev-mgmt-network",
                            "ipv4_range": "",
                            "name": "dev-mgmt-network",
                            "project": "cso-pcfs-emea-bzhtux",
                            "routing_mode": "REGIONAL",
                            "self_link": "https://www.googleapis.com/compute/v1/projects/cso-pcfs-emea-bzhtux/global/networks/dev-mgmt-network"
                        },
                        "meta": {},
                        "tainted": false
                    },
                    "deposed": [],
                    "provider": "provider.google"
                },
                "google_compute_subnetwork.bosh": {
                    "type": "google_compute_subnetwork",
                    "depends_on": [
                        "google_compute_network.mgmt"
                    ],
                    "primary": {
                        "id": "europe-west1/dev-bosh-subnet",
                        "attributes": {
                            "creation_timestamp": "2019-02-18T01:11:47.019-08:00",
                            "description": "",
                            "enable_flow_logs": "false",
                            "fingerprint": "IDDgqoRiFMc=",
                            "gateway_address": "10.0.20.1",
                            "id": "europe-west1/dev-bosh-subnet",
                            "ip_cidr_range": "10.0.20.0/24",
                            "name": "dev-bosh-subnet",
                            "network": "https://www.googleapis.com/compute/v1/projects/cso-pcfs-emea-bzhtux/global/networks/dev-mgmt-network",
                            "private_ip_google_access": "true",
                            "project": "cso-pcfs-emea-bzhtux",
                            "region": "europe-west1",
                            "secondary_ip_range.#": "0",
                            "self_link": "https://www.googleapis.com/compute/v1/projects/cso-pcfs-emea-bzhtux/regions/europe-west1/subnetworks/dev-bosh-subnet"
                        },
                        "meta": {
                            "e2bfb730-ecaa-11e6-8f88-34363bc7c4c0": {
                                "create": 360000000000,
                                "delete": 360000000000,
                                "update": 360000000000
                            }
                        },
                        "tainted": false
                    },
                    "deposed": [],
                    "provider": "provider.google"
                },
                "google_compute_subnetwork.concourse": {
                    "type": "google_compute_subnetwork",
                    "depends_on": [
                        "google_compute_network.mgmt"
                    ],
                    "primary": {
                        "id": "europe-west1/dev-concourse-subnet",
                        "attributes": {
                            "creation_timestamp": "2019-02-18T01:11:47.028-08:00",
                            "description": "",
                            "enable_flow_logs": "false",
                            "fingerprint": "LkSsJohULrw=",
                            "gateway_address": "10.0.30.1",
                            "id": "europe-west1/dev-concourse-subnet",
                            "ip_cidr_range": "10.0.30.0/24",
                            "name": "dev-concourse-subnet",
                            "network": "https://www.googleapis.com/compute/v1/projects/cso-pcfs-emea-bzhtux/global/networks/dev-mgmt-network",
                            "private_ip_google_access": "true",
                            "project": "cso-pcfs-emea-bzhtux",
                            "region": "europe-west1",
                            "secondary_ip_range.#": "0",
                            "self_link": "https://www.googleapis.com/compute/v1/projects/cso-pcfs-emea-bzhtux/regions/europe-west1/subnetworks/dev-concourse-subnet"
                        },
                        "meta": {
                            "e2bfb730-ecaa-11e6-8f88-34363bc7c4c0": {
                                "create": 360000000000,
                                "delete": 360000000000,
                                "update": 360000000000
                            }
                        },
                        "tainted": false
                    },
                    "deposed": [],
                    "provider": "provider.google"
                },
                "google_compute_subnetwork.jbx": {
                    "type": "google_compute_subnetwork",
                    "depends_on": [
                        "google_compute_network.mgmt"
                    ],
                    "primary": {
                        "id": "europe-west1/dev-jbx-subnet",
                        "attributes": {
                            "creation_timestamp": "2019-02-18T01:11:47.069-08:00",
                            "description": "",
                            "enable_flow_logs": "false",
                            "fingerprint": "au1B1Me-P4M=",
                            "gateway_address": "10.0.10.1",
                            "id": "europe-west1/dev-jbx-subnet",
                            "ip_cidr_range": "10.0.10.0/24",
                            "name": "dev-jbx-subnet",
                            "network": "https://www.googleapis.com/compute/v1/projects/cso-pcfs-emea-bzhtux/global/networks/dev-mgmt-network",
                            "private_ip_google_access": "true",
                            "project": "cso-pcfs-emea-bzhtux",
                            "region": "europe-west1",
                            "secondary_ip_range.#": "0",
                            "self_link": "https://www.googleapis.com/compute/v1/projects/cso-pcfs-emea-bzhtux/regions/europe-west1/subnetworks/dev-jbx-subnet"
                        },
                        "meta": {
                            "e2bfb730-ecaa-11e6-8f88-34363bc7c4c0": {
                                "create": 360000000000,
                                "delete": 360000000000,
                                "update": 360000000000
                            }
                        },
                        "tainted": false
                    },
                    "deposed": [],
                    "provider": "provider.google"
                }
            },
            "depends_on": []
        },
        {
            "path": [
                "root",
                "jumpbox"
            ],
            "outputs": {},
            "resources": {
                "data.google_dns_managed_zone.env_dns_zone": {
                    "type": "google_dns_managed_zone",
                    "depends_on": [],
                    "primary": {
                        "id": "dev",
                        "attributes": {
                            "description": "",
                            "dns_name": "dev.bzhtux-lab.net.",
                            "id": "dev",
                            "name": "dev",
                            "name_servers.#": "4",
                            "name_servers.1615954188": "ns-cloud-c1.googledomains.com.",
                            "name_servers.2224390257": "ns-cloud-c3.googledomains.com.",
                            "name_servers.3983672873": "ns-cloud-c4.googledomains.com.",
                            "name_servers.458163183": "ns-cloud-c2.googledomains.com."
                        },
                        "meta": {},
                        "tainted": false
                    },
                    "deposed": [],
                    "provider": "provider.google"
                },
                "google_compute_address.jumpbox": {
                    "type": "google_compute_address",
                    "depends_on": [],
                    "primary": {
                        "id": "cso-pcfs-emea-bzhtux/europe-west1/jbx-public-ip",
                        "attributes": {
                            "address": "35.195.27.17",
                            "address_type": "EXTERNAL",
                            "creation_timestamp": "2019-02-18T01:11:29.885-08:00",
                            "description": "",
                            "id": "cso-pcfs-emea-bzhtux/europe-west1/jbx-public-ip",
                            "name": "jbx-public-ip",
                            "network_tier": "PREMIUM",
                            "project": "cso-pcfs-emea-bzhtux",
                            "region": "europe-west1",
                            "self_link": "https://www.googleapis.com/compute/v1/projects/cso-pcfs-emea-bzhtux/regions/europe-west1/addresses/jbx-public-ip",
                            "subnetwork": "",
                            "users.#": "0"
                        },
                        "meta": {
                            "e2bfb730-ecaa-11e6-8f88-34363bc7c4c0": {
                                "create": 240000000000,
                                "delete": 240000000000
                            }
                        },
                        "tainted": false
                    },
                    "deposed": [],
                    "provider": "provider.google"
                },
                "google_compute_firewall.jumpbox": {
                    "type": "google_compute_firewall",
                    "depends_on": [],
                    "primary": {
                        "id": "jbx-firewall",
                        "attributes": {
                            "allow.#": "2",
                            "allow.1367131964.ports.#": "0",
                            "allow.1367131964.protocol": "icmp",
                            "allow.803338340.ports.#": "1",
                            "allow.803338340.ports.0": "22",
                            "allow.803338340.protocol": "tcp",
                            "creation_timestamp": "2019-02-18T01:11:47.047-08:00",
                            "deny.#": "0",
                            "description": "",
                            "destination_ranges.#": "0",
                            "direction": "INGRESS",
                            "disabled": "false",
                            "id": "jbx-firewall",
                            "name": "jbx-firewall",
                            "network": "https://www.googleapis.com/compute/v1/projects/cso-pcfs-emea-bzhtux/global/networks/dev-mgmt-network",
                            "priority": "1000",
                            "project": "cso-pcfs-emea-bzhtux",
                            "self_link": "https://www.googleapis.com/compute/v1/projects/cso-pcfs-emea-bzhtux/global/firewalls/jbx-firewall",
                            "source_ranges.#": "1",
                            "source_ranges.1080289494": "0.0.0.0/0",
                            "source_service_accounts.#": "0",
                            "source_tags.#": "0",
                            "target_service_accounts.#": "0",
                            "target_tags.#": "1",
                            "target_tags.366784560": "dev-jumpbox-external"
                        },
                        "meta": {
                            "e2bfb730-ecaa-11e6-8f88-34363bc7c4c0": {
                                "create": 240000000000,
                                "delete": 240000000000,
                                "update": 240000000000
                            },
                            "schema_version": "1"
                        },
                        "tainted": false
                    },
                    "deposed": [],
                    "provider": "provider.google"
                },
                "google_compute_instance.jumpbox": {
                    "type": "google_compute_instance",
                    "depends_on": [
                        "google_compute_address.jumpbox"
                    ],
                    "primary": {
                        "id": "dev-jbx",
                        "attributes": {
                            "attached_disk.#": "0",
                            "boot_disk.#": "1",
                            "boot_disk.0.auto_delete": "true",
                            "boot_disk.0.device_name": "persistent-disk-0",
                            "boot_disk.0.disk_encryption_key_raw": "",
                            "boot_disk.0.disk_encryption_key_sha256": "",
                            "boot_disk.0.initialize_params.#": "1",
                            "boot_disk.0.initialize_params.0.image": "https://www.googleapis.com/compute/v1/projects/ubuntu-os-cloud/global/images/ubuntu-1804-bionic-v20190212a",
                            "boot_disk.0.initialize_params.0.size": "50",
                            "boot_disk.0.initialize_params.0.type": "pd-ssd",
                            "boot_disk.0.source": "https://www.googleapis.com/compute/v1/projects/cso-pcfs-emea-bzhtux/zones/europe-west1-b/disks/dev-jbx",
                            "can_ip_forward": "false",
                            "cpu_platform": "Intel Sandy Bridge",
                            "deletion_protection": "false",
                            "guest_accelerator.#": "0",
                            "hostname": "",
                            "id": "dev-jbx",
                            "instance_id": "8961482216287225867",
                            "label_fingerprint": "42WmSpB8rSM=",
                            "labels.%": "0",
                            "machine_type": "n1-standard-1",
                            "metadata.%": "0",
                            "metadata_fingerprint": "EsPuOqCm3j8=",
                            "metadata_startup_script": "",
                            "min_cpu_platform": "",
                            "name": "dev-jbx",
                            "network_interface.#": "1",
                            "network_interface.0.access_config.#": "1",
                            "network_interface.0.access_config.0.assigned_nat_ip": "",
                            "network_interface.0.access_config.0.nat_ip": "35.195.27.17",
                            "network_interface.0.access_config.0.network_tier": "PREMIUM",
                            "network_interface.0.access_config.0.public_ptr_domain_name": "",
                            "network_interface.0.address": "",
                            "network_interface.0.alias_ip_range.#": "0",
                            "network_interface.0.name": "nic0",
                            "network_interface.0.network": "https://www.googleapis.com/compute/v1/projects/cso-pcfs-emea-bzhtux/global/networks/dev-mgmt-network",
                            "network_interface.0.network_ip": "10.0.10.2",
                            "network_interface.0.subnetwork": "https://www.googleapis.com/compute/v1/projects/cso-pcfs-emea-bzhtux/regions/europe-west1/subnetworks/dev-jbx-subnet",
                            "network_interface.0.subnetwork_project": "cso-pcfs-emea-bzhtux",
                            "project": "cso-pcfs-emea-bzhtux",
                            "scheduling.#": "1",
                            "scheduling.0.automatic_restart": "true",
                            "scheduling.0.on_host_maintenance": "MIGRATE",
                            "scheduling.0.preemptible": "false",
                            "scratch_disk.#": "0",
                            "self_link": "https://www.googleapis.com/compute/v1/projects/cso-pcfs-emea-bzhtux/zones/europe-west1-b/instances/dev-jbx",
                            "service_account.#": "1",
                            "service_account.0.email": "393955381279-compute@developer.gserviceaccount.com",
                            "service_account.0.scopes.#": "1",
                            "service_account.0.scopes.1733087937": "https://www.googleapis.com/auth/cloud-platform",
                            "tags.#": "1",
                            "tags.366784560": "dev-jumpbox-external",
                            "tags_fingerprint": "64a8J8-sT_w=",
                            "zone": "europe-west1-b"
                        },
                        "meta": {
                            "e2bfb730-ecaa-11e6-8f88-34363bc7c4c0": {
                                "create": 360000000000,
                                "delete": 360000000000,
                                "update": 360000000000
                            },
                            "schema_version": "6"
                        },
                        "tainted": false
                    },
                    "deposed": [],
                    "provider": "provider.google"
                },
                "google_dns_record_set.jumpbox": {
                    "type": "google_dns_record_set",
                    "depends_on": [
                        "data.google_dns_managed_zone.env_dns_zone",
                        "google_compute_address.jumpbox"
                    ],
                    "primary": {
                        "id": "dev/jbx.dev.bzhtux-lab.net./A",
                        "attributes": {
                            "id": "dev/jbx.dev.bzhtux-lab.net./A",
                            "managed_zone": "dev",
                            "name": "jbx.dev.bzhtux-lab.net.",
                            "project": "cso-pcfs-emea-bzhtux",
                            "rrdatas.#": "1",
                            "rrdatas.0": "35.195.27.17",
                            "ttl": "60",
                            "type": "A"
                        },
                        "meta": {},
                        "tainted": false
                    },
                    "deposed": [],
                    "provider": "provider.google"
                }
            },
            "depends_on": []
        }
    ]
}
